
Microsoft Visual Studio Solution File, Format Version 12.00
# Visual Studio 15
VisualStudioVersion = 15.0.28307.1927
MinimumVisualStudioVersion = 10.0.40219.1
Project("{E24C65DC-7377-472B-9ABA-BC803B73C61A}") = "trai(1)", ".", "{ADB899F9-E235-4459-A97D-7284D7D1B4DC}"
	ProjectSection(WebsiteProperties) = preProject
		TargetFrameworkMoniker = ".NETFramework,Version%3Dv2.0"
		Debug.AspNetCompiler.VirtualPath = "/localhost_60707"
		Debug.AspNetCompiler.PhysicalPath = "..\trai\"
		Debug.AspNetCompiler.TargetPath = "PrecompiledWeb\localhost_60707\"
		Debug.AspNetCompiler.Updateable = "true"
		Debug.AspNetCompiler.ForceOverwrite = "true"
		Debug.AspNetCompiler.FixedNames = "false"
		Debug.AspNetCompiler.Debug = "True"
		Release.AspNetCompiler.VirtualPath = "/localhost_60707"
		Release.AspNetCompiler.PhysicalPath = "..\trai\"
		Release.AspNetCompiler.TargetPath = "PrecompiledWeb\localhost_60707\"
		Release.AspNetCompiler.Updateable = "true"
		Release.AspNetCompiler.ForceOverwrite = "true"
		Release.AspNetCompiler.FixedNames = "false"
		Release.AspNetCompiler.Debug = "False"
		VWDPort = "60707"
		SlnRelativePath = "..\trai\"
	EndProjectSection
EndProject
Global
	GlobalSection(SolutionConfigurationPlatforms) = preSolution
		Debug|Any CPU = Debug|Any CPU
	EndGlobalSection
	GlobalSection(ProjectConfigurationPlatforms) = postSolution
		{ADB899F9-E235-4459-A97D-7284D7D1B4DC}.Debug|Any CPU.ActiveCfg = Debug|Any CPU
		{ADB899F9-E235-4459-A97D-7284D7D1B4DC}.Debug|Any CPU.Build.0 = Debug|Any CPU
	EndGlobalSection
	GlobalSection(SolutionProperties) = preSolution
		HideSolutionNode = FALSE
	EndGlobalSection
	GlobalSection(ExtensibilityGlobals) = postSolution
		SolutionGuid = {41460D24-B754-4BE6-88A0-3DBEA9B9BA16}
	EndGlobalSection
EndGlobal
